
Microsoft Visual Studio Solution File, Format Version 12.00
# Visual Studio Version 16
VisualStudioVersion = 16.0.31005.135
MinimumVisualStudioVersion = 10.0.40219.1
Project("{9A19103F-16F7-4668-BE54-9A1E7A4F7556}") = "HikingGuanacaste.Server", "HikingGuanacaste\Server\HikingGuanacaste.Server.csproj", "{A8B18547-7E63-446A-8A06-DCD5417DABC3}"
EndProject
Project("{9A19103F-16F7-4668-BE54-9A1E7A4F7556}") = "HikingGuanacaste.Client", "HikingGuanacaste\Client\HikingGuanacaste.Client.csproj", "{19725514-8FD2-4728-8EAF-9151404399A9}"
EndProject
Project("{9A19103F-16F7-4668-BE54-9A1E7A4F7556}") = "HikingGuanacaste.Shared", "HikingGuanacaste\Shared\HikingGuanacaste.Shared.csproj", "{CF9C5F6E-A74B-4675-8EC5-6EF352344B1C}"
EndProject
Global
	GlobalSection(SolutionConfigurationPlatforms) = preSolution
		Debug|Any CPU = Debug|Any CPU
		Release|Any CPU = Release|Any CPU
	EndGlobalSection
	GlobalSection(ProjectConfigurationPlatforms) = postSolution
		{A8B18547-7E63-446A-8A06-DCD5417DABC3}.Debug|Any CPU.ActiveCfg = Debug|Any CPU
		{A8B18547-7E63-446A-8A06-DCD5417DABC3}.Debug|Any CPU.Build.0 = Debug|Any CPU
		{A8B18547-7E63-446A-8A06-DCD5417DABC3}.Release|Any CPU.ActiveCfg = Release|Any CPU
		{A8B18547-7E63-446A-8A06-DCD5417DABC3}.Release|Any CPU.Build.0 = Release|Any CPU
		{19725514-8FD2-4728-8EAF-9151404399A9}.Debug|Any CPU.ActiveCfg = Debug|Any CPU
		{19725514-8FD2-4728-8EAF-9151404399A9}.Debug|Any CPU.Build.0 = Debug|Any CPU
		{19725514-8FD2-4728-8EAF-9151404399A9}.Release|Any CPU.ActiveCfg = Release|Any CPU
		{19725514-8FD2-4728-8EAF-9151404399A9}.Release|Any CPU.Build.0 = Release|Any CPU
		{CF9C5F6E-A74B-4675-8EC5-6EF352344B1C}.Debug|Any CPU.ActiveCfg = Debug|Any CPU
		{CF9C5F6E-A74B-4675-8EC5-6EF352344B1C}.Debug|Any CPU.Build.0 = Debug|Any CPU
		{CF9C5F6E-A74B-4675-8EC5-6EF352344B1C}.Release|Any CPU.ActiveCfg = Release|Any CPU
		{CF9C5F6E-A74B-4675-8EC5-6EF352344B1C}.Release|Any CPU.Build.0 = Release|Any CPU
	EndGlobalSection
	GlobalSection(SolutionProperties) = preSolution
		HideSolutionNode = FALSE
	EndGlobalSection
	GlobalSection(ExtensibilityGlobals) = postSolution
		SolutionGuid = {ECBCE85A-B5C6-444E-B0A5-2B073291670E}
	EndGlobalSection
EndGlobal
